
Microsoft Visual Studio Solution File, Format Version 12.00
# Visual Studio 15
VisualStudioVersion = 15.0.28307.2092
MinimumVisualStudioVersion = 10.0.40219.1
Project("{FAE04EC0-301F-11D3-BF4B-00C04F79EFBC}") = "ControldeVentas.Service", "ControldeVentas.Service\ControldeVentas.Service.csproj", "{7984FD6C-3B9B-40BA-916D-8BE2A1F13320}"
EndProject
Project("{FAE04EC0-301F-11D3-BF4B-00C04F79EFBC}") = "ControldeVentas.Bussiness", "ControldeVentas.Bussiness\ControldeVentas.Bussiness.csproj", "{650C2B57-3B8D-4F90-BC6D-0BD39B07BA7D}"
EndProject
Project("{FAE04EC0-301F-11D3-BF4B-00C04F79EFBC}") = "ControldeVentas.DataAccess", "ControldeVentas.DataAccess\ControldeVentas.DataAccess.csproj", "{3EBCF0DD-FCFB-4617-980E-DEF86A53FFBA}"
EndProject
Project("{FAE04EC0-301F-11D3-BF4B-00C04F79EFBC}") = "ControldeVentas.Interface", "ControldeVentas.Interface\ControldeVentas.Interface.csproj", "{5772A6B1-7699-4A23-A358-98E5076DA6FF}"
EndProject
Project("{FAE04EC0-301F-11D3-BF4B-00C04F79EFBC}") = "ControldeVentas.Entity", "ControldeVentas.Entity\ControldeVentas.Entity.csproj", "{8122CF90-588E-4A92-993D-0D93A05B4D62}"
EndProject
Global
	GlobalSection(SolutionConfigurationPlatforms) = preSolution
		Debug|Any CPU = Debug|Any CPU
		Release|Any CPU = Release|Any CPU
	EndGlobalSection
	GlobalSection(ProjectConfigurationPlatforms) = postSolution
		{7984FD6C-3B9B-40BA-916D-8BE2A1F13320}.Debug|Any CPU.ActiveCfg = Debug|Any CPU
		{7984FD6C-3B9B-40BA-916D-8BE2A1F13320}.Debug|Any CPU.Build.0 = Debug|Any CPU
		{7984FD6C-3B9B-40BA-916D-8BE2A1F13320}.Release|Any CPU.ActiveCfg = Release|Any CPU
		{7984FD6C-3B9B-40BA-916D-8BE2A1F13320}.Release|Any CPU.Build.0 = Release|Any CPU
		{650C2B57-3B8D-4F90-BC6D-0BD39B07BA7D}.Debug|Any CPU.ActiveCfg = Debug|Any CPU
		{650C2B57-3B8D-4F90-BC6D-0BD39B07BA7D}.Debug|Any CPU.Build.0 = Debug|Any CPU
		{650C2B57-3B8D-4F90-BC6D-0BD39B07BA7D}.Release|Any CPU.ActiveCfg = Release|Any CPU
		{650C2B57-3B8D-4F90-BC6D-0BD39B07BA7D}.Release|Any CPU.Build.0 = Release|Any CPU
		{3EBCF0DD-FCFB-4617-980E-DEF86A53FFBA}.Debug|Any CPU.ActiveCfg = Debug|Any CPU
		{3EBCF0DD-FCFB-4617-980E-DEF86A53FFBA}.Debug|Any CPU.Build.0 = Debug|Any CPU
		{3EBCF0DD-FCFB-4617-980E-DEF86A53FFBA}.Release|Any CPU.ActiveCfg = Release|Any CPU
		{3EBCF0DD-FCFB-4617-980E-DEF86A53FFBA}.Release|Any CPU.Build.0 = Release|Any CPU
		{5772A6B1-7699-4A23-A358-98E5076DA6FF}.Debug|Any CPU.ActiveCfg = Debug|Any CPU
		{5772A6B1-7699-4A23-A358-98E5076DA6FF}.Debug|Any CPU.Build.0 = Debug|Any CPU
		{5772A6B1-7699-4A23-A358-98E5076DA6FF}.Release|Any CPU.ActiveCfg = Release|Any CPU
		{5772A6B1-7699-4A23-A358-98E5076DA6FF}.Release|Any CPU.Build.0 = Release|Any CPU
		{8122CF90-588E-4A92-993D-0D93A05B4D62}.Debug|Any CPU.ActiveCfg = Debug|Any CPU
		{8122CF90-588E-4A92-993D-0D93A05B4D62}.Debug|Any CPU.Build.0 = Debug|Any CPU
		{8122CF90-588E-4A92-993D-0D93A05B4D62}.Release|Any CPU.ActiveCfg = Release|Any CPU
		{8122CF90-588E-4A92-993D-0D93A05B4D62}.Release|Any CPU.Build.0 = Release|Any CPU
	EndGlobalSection
	GlobalSection(SolutionProperties) = preSolution
		HideSolutionNode = FALSE
	EndGlobalSection
	GlobalSection(ExtensibilityGlobals) = postSolution
		SolutionGuid = {6B3AC6D8-25A2-4876-906B-DFF4B0AE8168}
	EndGlobalSection
EndGlobal
