
Microsoft Visual Studio Solution File, Format Version 12.00
# Visual Studio Version 17
VisualStudioVersion = 17.11.35327.3
MinimumVisualStudioVersion = 10.0.40219.1
Project("{FAE04EC0-301F-11D3-BF4B-00C04F79EFBC}") = "jocsan", "jocsan\jocsan.csproj", "{70DCFA69-6267-4882-90B0-51A69A70EFBF}"
EndProject
Global
	GlobalSection(SolutionConfigurationPlatforms) = preSolution
		Debug|Any CPU = Debug|Any CPU
		Release|Any CPU = Release|Any CPU
	EndGlobalSection
	GlobalSection(ProjectConfigurationPlatforms) = postSolution
		{70DCFA69-6267-4882-90B0-51A69A70EFBF}.Debug|Any CPU.ActiveCfg = Debug|Any CPU
		{70DCFA69-6267-4882-90B0-51A69A70EFBF}.Debug|Any CPU.Build.0 = Debug|Any CPU
		{70DCFA69-6267-4882-90B0-51A69A70EFBF}.Release|Any CPU.ActiveCfg = Release|Any CPU
		{70DCFA69-6267-4882-90B0-51A69A70EFBF}.Release|Any CPU.Build.0 = Release|Any CPU
	EndGlobalSection
	GlobalSection(SolutionProperties) = preSolution
		HideSolutionNode = FALSE
	EndGlobalSection
	GlobalSection(ExtensibilityGlobals) = postSolution
		SolutionGuid = {1FF25B10-55A7-47DB-A63A-5B0B9FA409F3}
	EndGlobalSection
EndGlobal
