
Microsoft Visual Studio Solution File, Format Version 12.00
# Visual Studio Version 17
VisualStudioVersion = 17.10.35013.160
MinimumVisualStudioVersion = 10.0.40219.1
Project("{FAE04EC0-301F-11D3-BF4B-00C04F79EFBC}") = "FundamentosDeC", "FundamentosDeC\FundamentosDeC.csproj", "{2E164F78-88BC-411D-B9AC-E4E28A355AF7}"
EndProject
Global
	GlobalSection(SolutionConfigurationPlatforms) = preSolution
		Debug|Any CPU = Debug|Any CPU
		Release|Any CPU = Release|Any CPU
	EndGlobalSection
	GlobalSection(ProjectConfigurationPlatforms) = postSolution
		{2E164F78-88BC-411D-B9AC-E4E28A355AF7}.Debug|Any CPU.ActiveCfg = Debug|Any CPU
		{2E164F78-88BC-411D-B9AC-E4E28A355AF7}.Debug|Any CPU.Build.0 = Debug|Any CPU
		{2E164F78-88BC-411D-B9AC-E4E28A355AF7}.Release|Any CPU.ActiveCfg = Release|Any CPU
		{2E164F78-88BC-411D-B9AC-E4E28A355AF7}.Release|Any CPU.Build.0 = Release|Any CPU
	EndGlobalSection
	GlobalSection(SolutionProperties) = preSolution
		HideSolutionNode = FALSE
	EndGlobalSection
	GlobalSection(ExtensibilityGlobals) = postSolution
		SolutionGuid = {C46F539A-5384-4207-8408-188E4A10F9B4}
	EndGlobalSection
EndGlobal
